
Microsoft Visual Studio Solution File, Format Version 12.00
# Visual Studio 2013
VisualStudioVersion = 12.0.30324.0
MinimumVisualStudioVersion = 10.0.40219.1
Project("{FAE04EC0-301F-11D3-BF4B-00C04F79EFBC}") = "KGP", "src\KGP.Core\KGP.csproj", "{126E2FA8-2F30-4DF4-9CC0-6FE800A099DD}"
EndProject
Project("{FAE04EC0-301F-11D3-BF4B-00C04F79EFBC}") = "KGP.Direct3D11", "src\KGP.Direct3D11\KGP.Direct3D11.csproj", "{7C02DDD0-3601-4B38-8621-E90C80454397}"
EndProject
Project("{2150E333-8FDC-42A3-9474-1A3956D46DE8}") = "Core", "Core", "{9DBB14A0-203A-41DC-9B10-55226A31DDDF}"
EndProject
Project("{2150E333-8FDC-42A3-9474-1A3956D46DE8}") = "Apps", "Apps", "{FD537624-CC82-431C-A029-8C69CF83BBF9}"
EndProject
Project("{2150E333-8FDC-42A3-9474-1A3956D46DE8}") = "Samples", "Samples", "{5223F7A2-BE9F-4942-9713-F7DAAE37DC7B}"
EndProject
Project("{2150E333-8FDC-42A3-9474-1A3956D46DE8}") = "Tests", "Tests", "{669E2FF2-F9A9-479D-A9CA-51C55EA2DC8A}"
EndProject
Project("{FAE04EC0-301F-11D3-BF4B-00C04F79EFBC}") = "KGP.Tests", "tests\KGP.Tests\KGP.Tests.csproj", "{C50DD357-D260-44E5-8268-25928CA04D5D}"
EndProject
Project("{FAE04EC0-301F-11D3-BF4B-00C04F79EFBC}") = "KDP.Direct3D11.Tests", "tests\KDP.Direct3D11.Tests\KDP.Direct3D11.Tests.csproj", "{3CDE9C51-530F-4A51-9B67-5F1FD339F2B2}"
EndProject
Project("{FAE04EC0-301F-11D3-BF4B-00C04F79EFBC}") = "DepthTextureSample", "samples\DepthTextureSample\DepthTextureSample.csproj", "{162BE49F-1B43-4079-A462-31FBF76CBE1D}"
EndProject
Project("{FAE04EC0-301F-11D3-BF4B-00C04F79EFBC}") = "ColorTextureSample", "samples\ColorTextureSample\ColorTextureSample.csproj", "{BBEA665D-0CD4-4254-A90D-A176DEDDCD02}"
EndProject
Project("{FAE04EC0-301F-11D3-BF4B-00C04F79EFBC}") = "BodyIndexTextureSample", "samples\BodyIndexTextureSample\BodyIndexTextureSample.csproj", "{2316D1EF-ACE0-4BB3-95CD-32FC391FCC44}"
EndProject
Project("{FAE04EC0-301F-11D3-BF4B-00C04F79EFBC}") = "DepthToWorldGPUSample", "samples\DepthToWorldGPUSample\DepthToWorldGPUSample.csproj", "{346B8FAA-1F69-4F7B-89B3-4BD1E5BAFD8E}"
EndProject
Project("{FAE04EC0-301F-11D3-BF4B-00C04F79EFBC}") = "CameraJointSample", "samples\CameraJointSample\CameraJointSample.csproj", "{8E9CAF7C-C1FA-4248-BAA6-2D59F159AD6A}"
EndProject
Project("{FAE04EC0-301F-11D3-BF4B-00C04F79EFBC}") = "ColorJointSample", "samples\ColorJointSample\ColorJointSample.csproj", "{0E3D0924-51D4-4979-B726-44CF2D3DB98C}"
EndProject
Project("{FAE04EC0-301F-11D3-BF4B-00C04F79EFBC}") = "InfraredTextureSample", "samples\InfraredTextureSample\InfraredTextureSample.csproj", "{1F2C53CF-BA20-4653-8F77-F31CB7CB5844}"
EndProject
Project("{FAE04EC0-301F-11D3-BF4B-00C04F79EFBC}") = "LongExposureInfraredTextureSample", "samples\LongExposureInfraredTextureSample\LongExposureInfraredTextureSample.csproj", "{DD096EC9-C5B2-432D-BDCF-A10DB7BAF13A}"
EndProject
Project("{FAE04EC0-301F-11D3-BF4B-00C04F79EFBC}") = "BackGroundSubtractionSample", "samples\BackGroundSubtractionSample\BackGroundSubtractionSample.csproj", "{E02CE602-001F-4963-9F31-F1335F2F8487}"
EndProject
Project("{FAE04EC0-301F-11D3-BF4B-00C04F79EFBC}") = "LocalStreamerSample", "samples\LocalStreamerSample\LocalStreamerSample.csproj", "{26F6291A-B782-45D0-8F91-1BBD62762467}"
EndProject
Project("{FAE04EC0-301F-11D3-BF4B-00C04F79EFBC}") = "SimplePointCloudSample", "samples\SimplePointCloudSample\SimplePointCloudSample.csproj", "{99A2D85A-FB1D-47C4-8D65-C422EAB1ABFE}"
EndProject
Project("{FAE04EC0-301F-11D3-BF4B-00C04F79EFBC}") = "ColoredPointCloudSample", "samples\ColoredPointCloudSample\ColoredPointCloudSample.csproj", "{3B14327F-CB02-4173-8A41-080222863FEF}"
EndProject
Project("{FAE04EC0-301F-11D3-BF4B-00C04F79EFBC}") = "FilteredPointCloudBufferSample", "samples\FilteredPointCloudBufferSample\FilteredPointCloudBufferSample.csproj", "{7016BCB1-B0B5-4A40-B08F-72018C964C27}"
EndProject
Project("{FAE04EC0-301F-11D3-BF4B-00C04F79EFBC}") = "FilteredColorPointCloudSample", "samples\FilteredColorPointCloudSample\FilteredColorPointCloudSample.csproj", "{C4BC74BB-C416-477C-B5E6-42F53CB15182}"
EndProject
Project("{FAE04EC0-301F-11D3-BF4B-00C04F79EFBC}") = "HdFaceTrackingSample", "samples\HdFaceTrackingSample\HdFaceTrackingSample.csproj", "{8E30C60B-8392-4329-9EA2-2978E1527458}"
EndProject
Project("{FAE04EC0-301F-11D3-BF4B-00C04F79EFBC}") = "ColorHdFaceTrackingSample", "samples\ColorHdFaceTrackingSample\ColorHdFaceTrackingSample.csproj", "{7F4359A0-0957-48B7-8562-DD1F7BE93CD7}"
EndProject
Project("{FAE04EC0-301F-11D3-BF4B-00C04F79EFBC}") = "FaceTrackingSample", "samples\FaceTrackingSample\FaceTrackingSample.csproj", "{99BA3570-1A10-457A-A31F-EC1E85F5D76F}"
EndProject
Project("{FAE04EC0-301F-11D3-BF4B-00C04F79EFBC}") = "KGP.Calibration", "src\KGP.Calibration\KGP.Calibration.csproj", "{135A50D5-160F-4F61-8E8C-80923DE09E70}"
EndProject
Project("{FAE04EC0-301F-11D3-BF4B-00C04F79EFBC}") = "KGP.Calibration.Tests", "tests\KGP.Calibration.Tests\KGP.Calibration.Tests.csproj", "{2B586C16-CE88-4949-A852-BB9E7D211B70}"
EndProject
Project("{FAE04EC0-301F-11D3-BF4B-00C04F79EFBC}") = "NetworkSenderSample", "samples\NetworkSenderSample\NetworkSenderSample.csproj", "{47D2581F-61C4-4071-84F7-C7A22F2D877B}"
EndProject
Project("{FAE04EC0-301F-11D3-BF4B-00C04F79EFBC}") = "ProjectedHdFaceSample", "samples\ProjectedHdFaceSample\ProjectedHdFaceSample.csproj", "{E01B2C00-B548-40B8-B7D5-BD369B01C42F}"
EndProject
Project("{FAE04EC0-301F-11D3-BF4B-00C04F79EFBC}") = "MultipleHdFaceTrackingSample", "samples\MultipleHdFaceTrackingSample\MultipleHdFaceTrackingSample.csproj", "{93897197-76A9-4F71-888C-0FDE9CC5068D}"
EndProject
Project("{FAE04EC0-301F-11D3-BF4B-00C04F79EFBC}") = "HdFaceSwapExample", "samples\HdFaceSwapExample\HdFaceSwapExample.csproj", "{7DD508C7-1BBB-43EF-BCFB-13A7BFE3CCA9}"
EndProject
Project("{FAE04EC0-301F-11D3-BF4B-00C04F79EFBC}") = "JointColorPointCloudSample", "samples\JointColorPointCloudSample\JointColorPointCloudSample.csproj", "{75460777-981D-4BA0-820F-0338B12F977B}"
EndProject
Global
	GlobalSection(SolutionConfigurationPlatforms) = preSolution
		Debug|Any CPU = Debug|Any CPU
		Release|Any CPU = Release|Any CPU
	EndGlobalSection
	GlobalSection(ProjectConfigurationPlatforms) = postSolution
		{126E2FA8-2F30-4DF4-9CC0-6FE800A099DD}.Debug|Any CPU.ActiveCfg = Debug|Any CPU
		{126E2FA8-2F30-4DF4-9CC0-6FE800A099DD}.Debug|Any CPU.Build.0 = Debug|Any CPU
		{126E2FA8-2F30-4DF4-9CC0-6FE800A099DD}.Release|Any CPU.ActiveCfg = Release|Any CPU
		{126E2FA8-2F30-4DF4-9CC0-6FE800A099DD}.Release|Any CPU.Build.0 = Release|Any CPU
		{7C02DDD0-3601-4B38-8621-E90C80454397}.Debug|Any CPU.ActiveCfg = Debug|Any CPU
		{7C02DDD0-3601-4B38-8621-E90C80454397}.Debug|Any CPU.Build.0 = Debug|Any CPU
		{7C02DDD0-3601-4B38-8621-E90C80454397}.Release|Any CPU.ActiveCfg = Release|Any CPU
		{7C02DDD0-3601-4B38-8621-E90C80454397}.Release|Any CPU.Build.0 = Release|Any CPU
		{C50DD357-D260-44E5-8268-25928CA04D5D}.Debug|Any CPU.ActiveCfg = Debug|Any CPU
		{C50DD357-D260-44E5-8268-25928CA04D5D}.Debug|Any CPU.Build.0 = Debug|Any CPU
		{C50DD357-D260-44E5-8268-25928CA04D5D}.Release|Any CPU.ActiveCfg = Release|Any CPU
		{C50DD357-D260-44E5-8268-25928CA04D5D}.Release|Any CPU.Build.0 = Release|Any CPU
		{3CDE9C51-530F-4A51-9B67-5F1FD339F2B2}.Debug|Any CPU.ActiveCfg = Debug|Any CPU
		{3CDE9C51-530F-4A51-9B67-5F1FD339F2B2}.Debug|Any CPU.Build.0 = Debug|Any CPU
		{3CDE9C51-530F-4A51-9B67-5F1FD339F2B2}.Release|Any CPU.ActiveCfg = Release|Any CPU
		{3CDE9C51-530F-4A51-9B67-5F1FD339F2B2}.Release|Any CPU.Build.0 = Release|Any CPU
		{162BE49F-1B43-4079-A462-31FBF76CBE1D}.Debug|Any CPU.ActiveCfg = Debug|Any CPU
		{162BE49F-1B43-4079-A462-31FBF76CBE1D}.Debug|Any CPU.Build.0 = Debug|Any CPU
		{162BE49F-1B43-4079-A462-31FBF76CBE1D}.Release|Any CPU.ActiveCfg = Release|Any CPU
		{162BE49F-1B43-4079-A462-31FBF76CBE1D}.Release|Any CPU.Build.0 = Release|Any CPU
		{BBEA665D-0CD4-4254-A90D-A176DEDDCD02}.Debug|Any CPU.ActiveCfg = Debug|Any CPU
		{BBEA665D-0CD4-4254-A90D-A176DEDDCD02}.Debug|Any CPU.Build.0 = Debug|Any CPU
		{BBEA665D-0CD4-4254-A90D-A176DEDDCD02}.Release|Any CPU.ActiveCfg = Release|Any CPU
		{BBEA665D-0CD4-4254-A90D-A176DEDDCD02}.Release|Any CPU.Build.0 = Release|Any CPU
		{2316D1EF-ACE0-4BB3-95CD-32FC391FCC44}.Debug|Any CPU.ActiveCfg = Debug|Any CPU
		{2316D1EF-ACE0-4BB3-95CD-32FC391FCC44}.Debug|Any CPU.Build.0 = Debug|Any CPU
		{2316D1EF-ACE0-4BB3-95CD-32FC391FCC44}.Release|Any CPU.ActiveCfg = Release|Any CPU
		{2316D1EF-ACE0-4BB3-95CD-32FC391FCC44}.Release|Any CPU.Build.0 = Release|Any CPU
		{346B8FAA-1F69-4F7B-89B3-4BD1E5BAFD8E}.Debug|Any CPU.ActiveCfg = Debug|Any CPU
		{346B8FAA-1F69-4F7B-89B3-4BD1E5BAFD8E}.Debug|Any CPU.Build.0 = Debug|Any CPU
		{346B8FAA-1F69-4F7B-89B3-4BD1E5BAFD8E}.Release|Any CPU.ActiveCfg = Release|Any CPU
		{346B8FAA-1F69-4F7B-89B3-4BD1E5BAFD8E}.Release|Any CPU.Build.0 = Release|Any CPU
		{8E9CAF7C-C1FA-4248-BAA6-2D59F159AD6A}.Debug|Any CPU.ActiveCfg = Debug|Any CPU
		{8E9CAF7C-C1FA-4248-BAA6-2D59F159AD6A}.Debug|Any CPU.Build.0 = Debug|Any CPU
		{8E9CAF7C-C1FA-4248-BAA6-2D59F159AD6A}.Release|Any CPU.ActiveCfg = Release|Any CPU
		{8E9CAF7C-C1FA-4248-BAA6-2D59F159AD6A}.Release|Any CPU.Build.0 = Release|Any CPU
		{0E3D0924-51D4-4979-B726-44CF2D3DB98C}.Debug|Any CPU.ActiveCfg = Debug|Any CPU
		{0E3D0924-51D4-4979-B726-44CF2D3DB98C}.Debug|Any CPU.Build.0 = Debug|Any CPU
		{0E3D0924-51D4-4979-B726-44CF2D3DB98C}.Release|Any CPU.ActiveCfg = Release|Any CPU
		{0E3D0924-51D4-4979-B726-44CF2D3DB98C}.Release|Any CPU.Build.0 = Release|Any CPU
		{1F2C53CF-BA20-4653-8F77-F31CB7CB5844}.Debug|Any CPU.ActiveCfg = Debug|Any CPU
		{1F2C53CF-BA20-4653-8F77-F31CB7CB5844}.Debug|Any CPU.Build.0 = Debug|Any CPU
		{1F2C53CF-BA20-4653-8F77-F31CB7CB5844}.Release|Any CPU.ActiveCfg = Release|Any CPU
		{1F2C53CF-BA20-4653-8F77-F31CB7CB5844}.Release|Any CPU.Build.0 = Release|Any CPU
		{DD096EC9-C5B2-432D-BDCF-A10DB7BAF13A}.Debug|Any CPU.ActiveCfg = Debug|Any CPU
		{DD096EC9-C5B2-432D-BDCF-A10DB7BAF13A}.Debug|Any CPU.Build.0 = Debug|Any CPU
		{DD096EC9-C5B2-432D-BDCF-A10DB7BAF13A}.Release|Any CPU.ActiveCfg = Release|Any CPU
		{DD096EC9-C5B2-432D-BDCF-A10DB7BAF13A}.Release|Any CPU.Build.0 = Release|Any CPU
		{E02CE602-001F-4963-9F31-F1335F2F8487}.Debug|Any CPU.ActiveCfg = Debug|Any CPU
		{E02CE602-001F-4963-9F31-F1335F2F8487}.Debug|Any CPU.Build.0 = Debug|Any CPU
		{E02CE602-001F-4963-9F31-F1335F2F8487}.Release|Any CPU.ActiveCfg = Release|Any CPU
		{E02CE602-001F-4963-9F31-F1335F2F8487}.Release|Any CPU.Build.0 = Release|Any CPU
		{26F6291A-B782-45D0-8F91-1BBD62762467}.Debug|Any CPU.ActiveCfg = Debug|Any CPU
		{26F6291A-B782-45D0-8F91-1BBD62762467}.Debug|Any CPU.Build.0 = Debug|Any CPU
		{26F6291A-B782-45D0-8F91-1BBD62762467}.Release|Any CPU.ActiveCfg = Release|Any CPU
		{26F6291A-B782-45D0-8F91-1BBD62762467}.Release|Any CPU.Build.0 = Release|Any CPU
		{99A2D85A-FB1D-47C4-8D65-C422EAB1ABFE}.Debug|Any CPU.ActiveCfg = Debug|Any CPU
		{99A2D85A-FB1D-47C4-8D65-C422EAB1ABFE}.Debug|Any CPU.Build.0 = Debug|Any CPU
		{99A2D85A-FB1D-47C4-8D65-C422EAB1ABFE}.Release|Any CPU.ActiveCfg = Release|Any CPU
		{99A2D85A-FB1D-47C4-8D65-C422EAB1ABFE}.Release|Any CPU.Build.0 = Release|Any CPU
		{3B14327F-CB02-4173-8A41-080222863FEF}.Debug|Any CPU.ActiveCfg = Debug|Any CPU
		{3B14327F-CB02-4173-8A41-080222863FEF}.Debug|Any CPU.Build.0 = Debug|Any CPU
		{3B14327F-CB02-4173-8A41-080222863FEF}.Release|Any CPU.ActiveCfg = Release|Any CPU
		{3B14327F-CB02-4173-8A41-080222863FEF}.Release|Any CPU.Build.0 = Release|Any CPU
		{7016BCB1-B0B5-4A40-B08F-72018C964C27}.Debug|Any CPU.ActiveCfg = Debug|Any CPU
		{7016BCB1-B0B5-4A40-B08F-72018C964C27}.Debug|Any CPU.Build.0 = Debug|Any CPU
		{7016BCB1-B0B5-4A40-B08F-72018C964C27}.Release|Any CPU.ActiveCfg = Release|Any CPU
		{7016BCB1-B0B5-4A40-B08F-72018C964C27}.Release|Any CPU.Build.0 = Release|Any CPU
		{C4BC74BB-C416-477C-B5E6-42F53CB15182}.Debug|Any CPU.ActiveCfg = Debug|Any CPU
		{C4BC74BB-C416-477C-B5E6-42F53CB15182}.Debug|Any CPU.Build.0 = Debug|Any CPU
		{C4BC74BB-C416-477C-B5E6-42F53CB15182}.Release|Any CPU.ActiveCfg = Release|Any CPU
		{C4BC74BB-C416-477C-B5E6-42F53CB15182}.Release|Any CPU.Build.0 = Release|Any CPU
		{8E30C60B-8392-4329-9EA2-2978E1527458}.Debug|Any CPU.ActiveCfg = Debug|Any CPU
		{8E30C60B-8392-4329-9EA2-2978E1527458}.Debug|Any CPU.Build.0 = Debug|Any CPU
		{8E30C60B-8392-4329-9EA2-2978E1527458}.Release|Any CPU.ActiveCfg = Release|Any CPU
		{8E30C60B-8392-4329-9EA2-2978E1527458}.Release|Any CPU.Build.0 = Release|Any CPU
		{7F4359A0-0957-48B7-8562-DD1F7BE93CD7}.Debug|Any CPU.ActiveCfg = Debug|Any CPU
		{7F4359A0-0957-48B7-8562-DD1F7BE93CD7}.Debug|Any CPU.Build.0 = Debug|Any CPU
		{7F4359A0-0957-48B7-8562-DD1F7BE93CD7}.Release|Any CPU.ActiveCfg = Release|Any CPU
		{7F4359A0-0957-48B7-8562-DD1F7BE93CD7}.Release|Any CPU.Build.0 = Release|Any CPU
		{99BA3570-1A10-457A-A31F-EC1E85F5D76F}.Debug|Any CPU.ActiveCfg = Debug|Any CPU
		{99BA3570-1A10-457A-A31F-EC1E85F5D76F}.Debug|Any CPU.Build.0 = Debug|Any CPU
		{99BA3570-1A10-457A-A31F-EC1E85F5D76F}.Release|Any CPU.ActiveCfg = Release|Any CPU
		{99BA3570-1A10-457A-A31F-EC1E85F5D76F}.Release|Any CPU.Build.0 = Release|Any CPU
		{135A50D5-160F-4F61-8E8C-80923DE09E70}.Debug|Any CPU.ActiveCfg = Debug|Any CPU
		{135A50D5-160F-4F61-8E8C-80923DE09E70}.Debug|Any CPU.Build.0 = Debug|Any CPU
		{135A50D5-160F-4F61-8E8C-80923DE09E70}.Release|Any CPU.ActiveCfg = Release|Any CPU
		{135A50D5-160F-4F61-8E8C-80923DE09E70}.Release|Any CPU.Build.0 = Release|Any CPU
		{2B586C16-CE88-4949-A852-BB9E7D211B70}.Debug|Any CPU.ActiveCfg = Debug|Any CPU
		{2B586C16-CE88-4949-A852-BB9E7D211B70}.Debug|Any CPU.Build.0 = Debug|Any CPU
		{2B586C16-CE88-4949-A852-BB9E7D211B70}.Release|Any CPU.ActiveCfg = Release|Any CPU
		{2B586C16-CE88-4949-A852-BB9E7D211B70}.Release|Any CPU.Build.0 = Release|Any CPU
		{47D2581F-61C4-4071-84F7-C7A22F2D877B}.Debug|Any CPU.ActiveCfg = Debug|Any CPU
		{47D2581F-61C4-4071-84F7-C7A22F2D877B}.Debug|Any CPU.Build.0 = Debug|Any CPU
		{47D2581F-61C4-4071-84F7-C7A22F2D877B}.Release|Any CPU.ActiveCfg = Release|Any CPU
		{47D2581F-61C4-4071-84F7-C7A22F2D877B}.Release|Any CPU.Build.0 = Release|Any CPU
		{E01B2C00-B548-40B8-B7D5-BD369B01C42F}.Debug|Any CPU.ActiveCfg = Debug|Any CPU
		{E01B2C00-B548-40B8-B7D5-BD369B01C42F}.Debug|Any CPU.Build.0 = Debug|Any CPU
		{E01B2C00-B548-40B8-B7D5-BD369B01C42F}.Release|Any CPU.ActiveCfg = Release|Any CPU
		{E01B2C00-B548-40B8-B7D5-BD369B01C42F}.Release|Any CPU.Build.0 = Release|Any CPU
		{93897197-76A9-4F71-888C-0FDE9CC5068D}.Debug|Any CPU.ActiveCfg = Debug|Any CPU
		{93897197-76A9-4F71-888C-0FDE9CC5068D}.Debug|Any CPU.Build.0 = Debug|Any CPU
		{93897197-76A9-4F71-888C-0FDE9CC5068D}.Release|Any CPU.ActiveCfg = Release|Any CPU
		{93897197-76A9-4F71-888C-0FDE9CC5068D}.Release|Any CPU.Build.0 = Release|Any CPU
		{7DD508C7-1BBB-43EF-BCFB-13A7BFE3CCA9}.Debug|Any CPU.ActiveCfg = Debug|Any CPU
		{7DD508C7-1BBB-43EF-BCFB-13A7BFE3CCA9}.Debug|Any CPU.Build.0 = Debug|Any CPU
		{7DD508C7-1BBB-43EF-BCFB-13A7BFE3CCA9}.Release|Any CPU.ActiveCfg = Release|Any CPU
		{7DD508C7-1BBB-43EF-BCFB-13A7BFE3CCA9}.Release|Any CPU.Build.0 = Release|Any CPU
		{75460777-981D-4BA0-820F-0338B12F977B}.Debug|Any CPU.ActiveCfg = Debug|Any CPU
		{75460777-981D-4BA0-820F-0338B12F977B}.Debug|Any CPU.Build.0 = Debug|Any CPU
		{75460777-981D-4BA0-820F-0338B12F977B}.Release|Any CPU.ActiveCfg = Release|Any CPU
		{75460777-981D-4BA0-820F-0338B12F977B}.Release|Any CPU.Build.0 = Release|Any CPU
	EndGlobalSection
	GlobalSection(SolutionProperties) = preSolution
		HideSolutionNode = FALSE
	EndGlobalSection
	GlobalSection(NestedProjects) = preSolution
		{126E2FA8-2F30-4DF4-9CC0-6FE800A099DD} = {9DBB14A0-203A-41DC-9B10-55226A31DDDF}
		{7C02DDD0-3601-4B38-8621-E90C80454397} = {9DBB14A0-203A-41DC-9B10-55226A31DDDF}
		{C50DD357-D260-44E5-8268-25928CA04D5D} = {669E2FF2-F9A9-479D-A9CA-51C55EA2DC8A}
		{3CDE9C51-530F-4A51-9B67-5F1FD339F2B2} = {669E2FF2-F9A9-479D-A9CA-51C55EA2DC8A}
		{162BE49F-1B43-4079-A462-31FBF76CBE1D} = {5223F7A2-BE9F-4942-9713-F7DAAE37DC7B}
		{BBEA665D-0CD4-4254-A90D-A176DEDDCD02} = {5223F7A2-BE9F-4942-9713-F7DAAE37DC7B}
		{2316D1EF-ACE0-4BB3-95CD-32FC391FCC44} = {5223F7A2-BE9F-4942-9713-F7DAAE37DC7B}
		{346B8FAA-1F69-4F7B-89B3-4BD1E5BAFD8E} = {5223F7A2-BE9F-4942-9713-F7DAAE37DC7B}
		{8E9CAF7C-C1FA-4248-BAA6-2D59F159AD6A} = {5223F7A2-BE9F-4942-9713-F7DAAE37DC7B}
		{0E3D0924-51D4-4979-B726-44CF2D3DB98C} = {5223F7A2-BE9F-4942-9713-F7DAAE37DC7B}
		{1F2C53CF-BA20-4653-8F77-F31CB7CB5844} = {5223F7A2-BE9F-4942-9713-F7DAAE37DC7B}
		{DD096EC9-C5B2-432D-BDCF-A10DB7BAF13A} = {5223F7A2-BE9F-4942-9713-F7DAAE37DC7B}
		{E02CE602-001F-4963-9F31-F1335F2F8487} = {5223F7A2-BE9F-4942-9713-F7DAAE37DC7B}
		{26F6291A-B782-45D0-8F91-1BBD62762467} = {5223F7A2-BE9F-4942-9713-F7DAAE37DC7B}
		{99A2D85A-FB1D-47C4-8D65-C422EAB1ABFE} = {5223F7A2-BE9F-4942-9713-F7DAAE37DC7B}
		{3B14327F-CB02-4173-8A41-080222863FEF} = {5223F7A2-BE9F-4942-9713-F7DAAE37DC7B}
		{7016BCB1-B0B5-4A40-B08F-72018C964C27} = {5223F7A2-BE9F-4942-9713-F7DAAE37DC7B}
		{C4BC74BB-C416-477C-B5E6-42F53CB15182} = {5223F7A2-BE9F-4942-9713-F7DAAE37DC7B}
		{8E30C60B-8392-4329-9EA2-2978E1527458} = {5223F7A2-BE9F-4942-9713-F7DAAE37DC7B}
		{7F4359A0-0957-48B7-8562-DD1F7BE93CD7} = {5223F7A2-BE9F-4942-9713-F7DAAE37DC7B}
		{99BA3570-1A10-457A-A31F-EC1E85F5D76F} = {5223F7A2-BE9F-4942-9713-F7DAAE37DC7B}
		{135A50D5-160F-4F61-8E8C-80923DE09E70} = {9DBB14A0-203A-41DC-9B10-55226A31DDDF}
		{2B586C16-CE88-4949-A852-BB9E7D211B70} = {669E2FF2-F9A9-479D-A9CA-51C55EA2DC8A}
		{47D2581F-61C4-4071-84F7-C7A22F2D877B} = {5223F7A2-BE9F-4942-9713-F7DAAE37DC7B}
		{E01B2C00-B548-40B8-B7D5-BD369B01C42F} = {5223F7A2-BE9F-4942-9713-F7DAAE37DC7B}
		{93897197-76A9-4F71-888C-0FDE9CC5068D} = {5223F7A2-BE9F-4942-9713-F7DAAE37DC7B}
		{7DD508C7-1BBB-43EF-BCFB-13A7BFE3CCA9} = {5223F7A2-BE9F-4942-9713-F7DAAE37DC7B}
		{75460777-981D-4BA0-820F-0338B12F977B} = {5223F7A2-BE9F-4942-9713-F7DAAE37DC7B}
	EndGlobalSection
EndGlobal
